
Microsoft Visual Studio Solution File, Format Version 12.00
# Visual Studio Version 17
VisualStudioVersion = 17.7.34202.233
MinimumVisualStudioVersion = 10.0.40219.1
Project("{FAE04EC0-301F-11D3-BF4B-00C04F79EFBC}") = "Phase1Section5.12 Interfaces", "Phase1Section5.12 Interfaces\Phase1Section5.12 Interfaces.csproj", "{088DB3D9-0EA3-4089-A937-7296D44E6146}"
EndProject
Global
	GlobalSection(SolutionConfigurationPlatforms) = preSolution
		Debug|Any CPU = Debug|Any CPU
		Release|Any CPU = Release|Any CPU
	EndGlobalSection
	GlobalSection(ProjectConfigurationPlatforms) = postSolution
		{088DB3D9-0EA3-4089-A937-7296D44E6146}.Debug|Any CPU.ActiveCfg = Debug|Any CPU
		{088DB3D9-0EA3-4089-A937-7296D44E6146}.Debug|Any CPU.Build.0 = Debug|Any CPU
		{088DB3D9-0EA3-4089-A937-7296D44E6146}.Release|Any CPU.ActiveCfg = Release|Any CPU
		{088DB3D9-0EA3-4089-A937-7296D44E6146}.Release|Any CPU.Build.0 = Release|Any CPU
	EndGlobalSection
	GlobalSection(SolutionProperties) = preSolution
		HideSolutionNode = FALSE
	EndGlobalSection
	GlobalSection(ExtensibilityGlobals) = postSolution
		SolutionGuid = {40F9F913-6095-42BF-990F-ADEDFFAE1875}
	EndGlobalSection
EndGlobal
